<?xml version="1.0" encoding="utf-8"?>
<Project ToolsVersion="4.0" xmlns="http://schemas.microsoft.com/developer/msbuild/2003">
  <ItemGroup>
    <Filter Include="源文件">
      <UniqueIdentifier>{4FC737F1-C7A5-4376-A066-2A32D752A2FF}</UniqueIdentifier>
      <Extensions>cpp;c;cc;cxx;def;odl;idl;hpj;bat;asm;asmx</Extensions>
    </Filter>
    <Filter Include="头文件">
      <UniqueIdentifier>{93995380-89BD-4b04-88EB-625FBE52EBFB}</UniqueIdentifier>
      <Extensions>h;hpp;hxx;hm;inl;inc;xsd</Extensions>
    </Filter>
    <Filter Include="资源文件">
      <UniqueIdentifier>{67DA6AB6-F800-4c08-8B7A-83BB121AAD01}</UniqueIdentifier>
      <Extensions>rc;ico;cur;bmp;dlg;rc2;rct;bin;rgs;gif;jpg;jpeg;jpe;resx;tiff;tif;png;wav</Extensions>
    </Filter>
  </ItemGroup>
  <ItemGroup>
    <ClCompile Include="MainFrm.cpp">
      <Filter>源文件</Filter>
    </ClCompile>
    <ClCompile Include="ReadWrite.cpp">
      <Filter>源文件</Filter>
    </ClCompile>
    <ClCompile Include="ReadWriteDoc.cpp">
      <Filter>源文件</Filter>
    </ClCompile>
    <ClCompile Include="ReadWriteView.cpp">
      <Filter>源文件</Filter>
    </ClCompile>
    <ClCompile Include="stdafx.cpp">
      <Filter>源文件</Filter>
    </ClCompile>
    <ClCompile Include="SimpleXlsx\PathManager.cpp">
      <Filter>源文件</Filter>
    </ClCompile>
    <ClCompile Include="SimpleXlsx\XLSXColors\clsRGBColorRecord.cpp">
      <Filter>源文件</Filter>
    </ClCompile>
    <ClCompile Include="SimpleXlsx\XLSXColors\XLSXColorLib.cpp">
      <Filter>源文件</Filter>
    </ClCompile>
    <ClCompile Include="SimpleXlsx\Zip\zip.cpp">
      <Filter>源文件</Filter>
    </ClCompile>
    <ClCompile Include="SimpleXlsx\Xlsx\Chart.cpp">
      <Filter>源文件</Filter>
    </ClCompile>
    <ClCompile Include="SimpleXlsx\Xlsx\Chartsheet.cpp">
      <Filter>源文件</Filter>
    </ClCompile>
    <ClCompile Include="SimpleXlsx\Xlsx\Drawing.cpp">
      <Filter>源文件</Filter>
    </ClCompile>
    <ClCompile Include="SimpleXlsx\Xlsx\Workbook.cpp">
      <Filter>源文件</Filter>
    </ClCompile>
    <ClCompile Include="SimpleXlsx\Xlsx\Worksheet.cpp">
      <Filter>源文件</Filter>
    </ClCompile>
    <ClCompile Include="SimpleXlsx\Xlsx\XlsxHeaders.cpp">
      <Filter>源文件</Filter>
    </ClCompile>
  </ItemGroup>
  <ItemGroup>
    <ClInclude Include="MainFrm.h">
      <Filter>头文件</Filter>
    </ClInclude>
    <ClInclude Include="ReadWrite.h">
      <Filter>头文件</Filter>
    </ClInclude>
    <ClInclude Include="ReadWriteDoc.h">
      <Filter>头文件</Filter>
    </ClInclude>
    <ClInclude Include="ReadWriteView.h">
      <Filter>头文件</Filter>
    </ClInclude>
    <ClInclude Include="Resource.h">
      <Filter>头文件</Filter>
    </ClInclude>
    <ClInclude Include="stdafx.h">
      <Filter>头文件</Filter>
    </ClInclude>
    <ClInclude Include="targetver.h">
      <Filter>头文件</Filter>
    </ClInclude>
    <ClInclude Include="SimpleXlsx\PathManager.hpp">
      <Filter>头文件</Filter>
    </ClInclude>
    <ClInclude Include="SimpleXlsx\UTF8Encoder.hpp">
      <Filter>头文件</Filter>
    </ClInclude>
    <ClInclude Include="SimpleXlsx\XMLWriter.hpp">
      <Filter>头文件</Filter>
    </ClInclude>
    <ClInclude Include="SimpleXlsx\XLSXColors\clsRGBColorRecord.h">
      <Filter>头文件</Filter>
    </ClInclude>
    <ClInclude Include="SimpleXlsx\XLSXColors\XLSXColorLib.h">
      <Filter>头文件</Filter>
    </ClInclude>
    <ClInclude Include="SimpleXlsx\Zip\zip.h">
      <Filter>头文件</Filter>
    </ClInclude>
    <ClInclude Include="SimpleXlsx\Xlsx\Chart.h">
      <Filter>头文件</Filter>
    </ClInclude>
    <ClInclude Include="SimpleXlsx\Xlsx\Chartsheet.h">
      <Filter>头文件</Filter>
    </ClInclude>
    <ClInclude Include="SimpleXlsx\Xlsx\Drawing.h">
      <Filter>头文件</Filter>
    </ClInclude>
    <ClInclude Include="SimpleXlsx\Xlsx\SimpleXlsxDef.h">
      <Filter>头文件</Filter>
    </ClInclude>
    <ClInclude Include="SimpleXlsx\Xlsx\Workbook.h">
      <Filter>头文件</Filter>
    </ClInclude>
    <ClInclude Include="SimpleXlsx\Xlsx\Worksheet.h">
      <Filter>头文件</Filter>
    </ClInclude>
    <ClInclude Include="SimpleXlsx\Xlsx\XlsxHeaders.h">
      <Filter>头文件</Filter>
    </ClInclude>
  </ItemGroup>
  <ItemGroup>
    <Image Include="res\bitmap1.bmp">
      <Filter>资源文件</Filter>
    </Image>
    <Image Include="res\ReadWrite.ico">
      <Filter>资源文件</Filter>
    </Image>
    <Image Include="res\ReadWriteDoc.ico">
      <Filter>资源文件</Filter>
    </Image>
    <Image Include="res\Toolbar.bmp">
      <Filter>资源文件</Filter>
    </Image>
    <Image Include="res\Toolbar256.bmp">
      <Filter>资源文件</Filter>
    </Image>
    <Image Include="UserImages.bmp">
      <Filter>资源文件</Filter>
    </Image>
  </ItemGroup>
  <ItemGroup>
    <ResourceCompile Include="ReadWrite.rc">
      <Filter>资源文件</Filter>
    </ResourceCompile>
  </ItemGroup>
  <ItemGroup>
    <None Include="res\ReadWrite.rc2">
      <Filter>资源文件</Filter>
    </None>
  </ItemGroup>
  <ItemGroup>
    <Text Include="ReadMe.txt" />
  </ItemGroup>
</Project>