
Microsoft Visual Studio Solution File, Format Version 10.00
# Visual Studio 2008
Project("{8BC9CEB8-8B4A-11D0-8D11-00A0C91BC942}") = "CppUnion", "CppUnion.vcproj", "{3642A1EB-3453-454E-B675-3F0A9D06CF1A}"
EndProject
Global
	GlobalSection(SolutionConfigurationPlatforms) = preSolution
		Debug|Win32 = Debug|Win32
		Release|Win32 = Release|Win32
	EndGlobalSection
	GlobalSection(ProjectConfigurationPlatforms) = postSolution
		{3642A1EB-3453-454E-B675-3F0A9D06CF1A}.Debug|Win32.ActiveCfg = Debug|Win32
		{3642A1EB-3453-454E-B675-3F0A9D06CF1A}.Debug|Win32.Build.0 = Debug|Win32
		{3642A1EB-3453-454E-B675-3F0A9D06CF1A}.Release|Win32.ActiveCfg = Release|Win32
		{3642A1EB-3453-454E-B675-3F0A9D06CF1A}.Release|Win32.Build.0 = Release|Win32
	EndGlobalSection
	GlobalSection(SolutionProperties) = preSolution
		HideSolutionNode = FALSE
	EndGlobalSection
EndGlobal
