
Microsoft Visual Studio Solution File, Format Version 10.00
# Visual Studio 2008
Project("{8BC9CEB8-8B4A-11D0-8D11-00A0C91BC942}") = "TCPSrv", "TCPSrv\TCPSrv.vcproj", "{0425F305-10AD-4797-B6E1-ECF4741CAFF0}"
EndProject
Project("{8BC9CEB8-8B4A-11D0-8D11-00A0C91BC942}") = "TCPClient", "TCPClient\TCPClient.vcproj", "{D039A7AA-6B59-42C9-95A5-E7B675206DD8}"
EndProject
Global
	GlobalSection(SolutionConfigurationPlatforms) = preSolution
		Debug|Win32 = Debug|Win32
		Release|Win32 = Release|Win32
	EndGlobalSection
	GlobalSection(ProjectConfigurationPlatforms) = postSolution
		{0425F305-10AD-4797-B6E1-ECF4741CAFF0}.Debug|Win32.ActiveCfg = Debug|Win32
		{0425F305-10AD-4797-B6E1-ECF4741CAFF0}.Debug|Win32.Build.0 = Debug|Win32
		{0425F305-10AD-4797-B6E1-ECF4741CAFF0}.Release|Win32.ActiveCfg = Release|Win32
		{0425F305-10AD-4797-B6E1-ECF4741CAFF0}.Release|Win32.Build.0 = Release|Win32
		{D039A7AA-6B59-42C9-95A5-E7B675206DD8}.Debug|Win32.ActiveCfg = Debug|Win32
		{D039A7AA-6B59-42C9-95A5-E7B675206DD8}.Debug|Win32.Build.0 = Debug|Win32
		{D039A7AA-6B59-42C9-95A5-E7B675206DD8}.Release|Win32.ActiveCfg = Release|Win32
		{D039A7AA-6B59-42C9-95A5-E7B675206DD8}.Release|Win32.Build.0 = Release|Win32
	EndGlobalSection
	GlobalSection(SolutionProperties) = preSolution
		HideSolutionNode = FALSE
	EndGlobalSection
EndGlobal
